# This file is automatically @generated by Cargo.
# It is not intended for manual editing.
version = 3

[[package]]
name = "array-init"
version = "2.0.0"
source = "registry+https://github.com/rust-lang/crates.io-index"
checksum = "6945cc5422176fc5e602e590c2878d2c2acd9a4fe20a4baa7c28022521698ec6"

[[package]]
name = "autocfg"
version = "1.1.0"
source = "registry+https://github.com/rust-lang/crates.io-index"
checksum = "d468802bab17cbc0cc575e9b053f41e72aa36bfa6b7f55e3529ffa43161b97fa"

[[package]]
name = "casey"
version = "0.3.3"
source = "registry+https://github.com/rust-lang/crates.io-index"
checksum = "fabe85130dda9cf267715582ce6cf1ab581c8dfe3cb33f7065fee0f14e3fea14"
dependencies = [
 "syn",
]

[[package]]
name = "cc"
version = "1.0.72"
source = "registry+https://github.com/rust-lang/crates.io-index"
checksum = "22a9137b95ea06864e018375b72adfb7db6e6f68cfc8df5a04d00288050485ee"

[[package]]
name = "codespan-reporting"
version = "0.11.1"
source = "registry+https://github.com/rust-lang/crates.io-index"
checksum = "3538270d33cc669650c4b093848450d380def10c331d38c768e34cac80576e6e"
dependencies = [
 "termcolor",
 "unicode-width",
]

[[package]]
name = "cp77_external_radio"
version = "0.1.0"
dependencies = [
 "red4ext-rs",
 "windows",
]

[[package]]
name = "cxx"
version = "1.0.64"
source = "registry+https://github.com/rust-lang/crates.io-index"
checksum = "fcd554072878dec8c16f59839336bf712d6d1f0d8d27cf9b471c10a484a3290f"
dependencies = [
 "cc",
 "cxxbridge-flags",
 "cxxbridge-macro",
 "link-cplusplus",
]

[[package]]
name = "cxx-build"
version = "1.0.66"
source = "registry+https://github.com/rust-lang/crates.io-index"
checksum = "0aaaa055d4908326f1b4524b23ae53758019b806c0c4f382ea240982e9766b26"
dependencies = [
 "cc",
 "codespan-reporting",
 "once_cell",
 "proc-macro2",
 "quote",
 "scratch",
 "syn",
]

[[package]]
name = "cxxbridge-flags"
version = "1.0.64"
source = "registry+https://github.com/rust-lang/crates.io-index"
checksum = "1cc629121d3f01cd7c85ba046b3bcef66d182429b495eeb1080396ba4bfb8ae4"

[[package]]
name = "cxxbridge-macro"
version = "1.0.64"
source = "registry+https://github.com/rust-lang/crates.io-index"
checksum = "93a8fa39ee5a91d04a99fc09fc3f1dd780ebfe31817721abcaecd823e00c9f3b"
dependencies = [
 "proc-macro2",
 "quote",
 "syn",
]

[[package]]
name = "erasable"
version = "1.2.1"
source = "registry+https://github.com/rust-lang/crates.io-index"
checksum = "5f11890ce181d47a64e5d1eb4b6caba0e7bae911a356723740d058a5d0340b7d"
dependencies = [
 "autocfg",
 "scopeguard",
]

[[package]]
name = "link-cplusplus"
version = "1.0.6"
source = "registry+https://github.com/rust-lang/crates.io-index"
checksum = "f8cae2cd7ba2f3f63938b9c724475dfb7b9861b545a90324476324ed21dbc8c8"
dependencies = [
 "cc",
]

[[package]]
name = "once_cell"
version = "1.9.0"
source = "registry+https://github.com/rust-lang/crates.io-index"
checksum = "da32515d9f6e6e489d7bc9d84c71b060db7247dc035bbe44eac88cf87486d8d5"

[[package]]
name = "proc-macro2"
version = "1.0.36"
source = "registry+https://github.com/rust-lang/crates.io-index"
checksum = "c7342d5883fbccae1cc37a2353b09c87c9b0f3afd73f5fb9bba687a1f733b029"
dependencies = [
 "unicode-xid",
]

[[package]]
name = "quote"
version = "1.0.15"
source = "registry+https://github.com/rust-lang/crates.io-index"
checksum = "864d3e96a899863136fc6e99f3d7cae289dafe43bf2c5ac19b70df7210c0a145"
dependencies = [
 "proc-macro2",
]

[[package]]
name = "red4ext-rs"
version = "0.1.0"
source = "git+https://github.com/jac3km4/red4ext-rs.git#b710cc0c0f71f61905ad571d264ac23474bca1b3"
dependencies = [
 "array-init",
 "casey",
 "cxx",
 "cxx-build",
 "erasable",
 "wchar",
]

[[package]]
name = "scopeguard"
version = "1.1.0"
source = "registry+https://github.com/rust-lang/crates.io-index"
checksum = "d29ab0c6d3fc0ee92fe66e2d99f700eab17a8d57d1c1d3b748380fb20baa78cd"

[[package]]
name = "scratch"
version = "1.0.1"
source = "registry+https://github.com/rust-lang/crates.io-index"
checksum = "96311ef4a16462c757bb6a39152c40f58f31cd2602a40fceb937e2bc34e6cbab"

[[package]]
name = "syn"
version = "1.0.86"
source = "registry+https://github.com/rust-lang/crates.io-index"
checksum = "8a65b3f4ffa0092e9887669db0eae07941f023991ab58ea44da8fe8e2d511c6b"
dependencies = [
 "proc-macro2",
 "quote",
 "unicode-xid",
]

[[package]]
name = "termcolor"
version = "1.1.2"
source = "registry+https://github.com/rust-lang/crates.io-index"
checksum = "2dfed899f0eb03f32ee8c6a0aabdb8a7949659e3466561fc0adf54e26d88c5f4"
dependencies = [
 "winapi-util",
]

[[package]]
name = "unicode-width"
version = "0.1.9"
source = "registry+https://github.com/rust-lang/crates.io-index"
checksum = "3ed742d4ea2bd1176e236172c8429aaf54486e7ac098db29ffe6529e0ce50973"

[[package]]
name = "unicode-xid"
version = "0.2.2"
source = "registry+https://github.com/rust-lang/crates.io-index"
checksum = "8ccb82d61f80a663efe1f787a51b16b5a51e3314d6ac365b08639f52387b33f3"

[[package]]
name = "wchar"
version = "0.11.0"
source = "registry+https://github.com/rust-lang/crates.io-index"
checksum = "e1ca6ea80317e76471c3aa6d47efb151ef04538960ab810845a1c854f5cd7d8c"
dependencies = [
 "wchar-impl",
]

[[package]]
name = "wchar-impl"
version = "0.11.0"
source = "registry+https://github.com/rust-lang/crates.io-index"
checksum = "075c93156fed21f9dab57af5e81604d0fdb67432c919a8c1f78bb979f06a3d25"
dependencies = [
 "proc-macro2",
 "quote",
 "syn",
]

[[package]]
name = "winapi"
version = "0.3.9"
source = "registry+https://github.com/rust-lang/crates.io-index"
checksum = "5c839a674fcd7a98952e593242ea400abe93992746761e38641405d28b00f419"
dependencies = [
 "winapi-i686-pc-windows-gnu",
 "winapi-x86_64-pc-windows-gnu",
]

[[package]]
name = "winapi-i686-pc-windows-gnu"
version = "0.4.0"
source = "registry+https://github.com/rust-lang/crates.io-index"
checksum = "ac3b87c63620426dd9b991e5ce0329eff545bccbbb34f3be09ff6fb6ab51b7b6"

[[package]]
name = "winapi-util"
version = "0.1.5"
source = "registry+https://github.com/rust-lang/crates.io-index"
checksum = "70ec6ce85bb158151cae5e5c87f95a8e97d2c0c4b001223f33a334e3ce5de178"
dependencies = [
 "winapi",
]

[[package]]
name = "winapi-x86_64-pc-windows-gnu"
version = "0.4.0"
source = "registry+https://github.com/rust-lang/crates.io-index"
checksum = "712e227841d057c1ee1cd2fb22fa7e5a5461ae8e48fa2ca79ec42cfc1931183f"

[[package]]
name = "windows"
version = "0.33.0"
source = "registry+https://github.com/rust-lang/crates.io-index"
checksum = "0128fa8e65e0616e45033d68dc0b7fbd521080b7844e5cad3a4a4d201c4b2bd2"
dependencies = [
 "windows_aarch64_msvc",
 "windows_i686_gnu",
 "windows_i686_msvc",
 "windows_x86_64_gnu",
 "windows_x86_64_msvc",
]

[[package]]
name = "windows_aarch64_msvc"
version = "0.33.0"
source = "registry+https://github.com/rust-lang/crates.io-index"
checksum = "cd761fd3eb9ab8cc1ed81e56e567f02dd82c4c837e48ac3b2181b9ffc5060807"

[[package]]
name = "windows_i686_gnu"
version = "0.33.0"
source = "registry+https://github.com/rust-lang/crates.io-index"
checksum = "cab0cf703a96bab2dc0c02c0fa748491294bf9b7feb27e1f4f96340f208ada0e"

[[package]]
name = "windows_i686_msvc"
version = "0.33.0"
source = "registry+https://github.com/rust-lang/crates.io-index"
checksum = "8cfdbe89cc9ad7ce618ba34abc34bbb6c36d99e96cae2245b7943cd75ee773d0"

[[package]]
name = "windows_x86_64_gnu"
version = "0.33.0"
source = "registry+https://github.com/rust-lang/crates.io-index"
checksum = "b4dd9b0c0e9ece7bb22e84d70d01b71c6d6248b81a3c60d11869451b4cb24784"

[[package]]
name = "windows_x86_64_msvc"
version = "0.33.0"
source = "registry+https://github.com/rust-lang/crates.io-index"
checksum = "ff1e4aa646495048ec7f3ffddc411e1d829c026a2ec62b39da15c1055e406eaa"
